// !$*UTF8*$!
{
	archiveVersion = 1;
	classes = {
	};
	objectVersion = 50;
	objects = {

/* Begin PBXBuildFile section */
		BE9D9DAD21B712C7005A6311 /* AppDelegate.swift in Sources */ = {isa = PBXBuildFile; fileRef = BE9D9DAC21B712C7005A6311 /* AppDelegate.swift */; };
		BE9D9DB421B712D0005A6311 /* Assets.xcassets in Resources */ = {isa = PBXBuildFile; fileRef = BE9D9DB321B712D0005A6311 /* Assets.xcassets */; };
		BE9D9DB721B712D0005A6311 /* LaunchScreen.storyboard in Resources */ = {isa = PBXBuildFile; fileRef = BE9D9DB521B712D0005A6311 /* LaunchScreen.storyboard */; };
		BE9D9DBF21B734C9005A6311 /* habit.swift in Sources */ = {isa = PBXBuildFile; fileRef = BE9D9DBE21B734C9005A6311 /* habit.swift */; };
		BE9D9DC121B73506005A6311 /* PersistanceLayer.swift in Sources */ = {isa = PBXBuildFile; fileRef = BE9D9DC021B73506005A6311 /* PersistanceLayer.swift */; };
		BE9D9DC821B7B361005A6311 /* ConfirmHabitViewController.swift in Sources */ = {isa = PBXBuildFile; fileRef = BE9D9DC621B7B361005A6311 /* ConfirmHabitViewController.swift */; };
		BE9D9DC921B7B361005A6311 /* ConfirmHabitViewController.xib in Resources */ = {isa = PBXBuildFile; fileRef = BE9D9DC721B7B361005A6311 /* ConfirmHabitViewController.xib */; };
		BE9D9DCC21B7B39B005A6311 /* AddhabitViewController.swift in Sources */ = {isa = PBXBuildFile; fileRef = BE9D9DCA21B7B39B005A6311 /* AddhabitViewController.swift */; };
		BE9D9DCD21B7B39B005A6311 /* AddhabitViewController.xib in Resources */ = {isa = PBXBuildFile; fileRef = BE9D9DCB21B7B39B005A6311 /* AddhabitViewController.xib */; };
		BE9D9DD021B7B3B8005A6311 /* HabitsTableViewController.swift in Sources */ = {isa = PBXBuildFile; fileRef = BE9D9DCE21B7B3B8005A6311 /* HabitsTableViewController.swift */; };
		BE9D9DD121B7B3B8005A6311 /* HabitsTableViewController.xib in Resources */ = {isa = PBXBuildFile; fileRef = BE9D9DCF21B7B3B8005A6311 /* HabitsTableViewController.xib */; };
		BE9D9DD421B7B3D2005A6311 /* HabitDetailViewController.swift in Sources */ = {isa = PBXBuildFile; fileRef = BE9D9DD221B7B3D2005A6311 /* HabitDetailViewController.swift */; };
		BE9D9DD521B7B3D2005A6311 /* HabitDetailViewController.xib in Resources */ = {isa = PBXBuildFile; fileRef = BE9D9DD321B7B3D2005A6311 /* HabitDetailViewController.xib */; };
		BE9D9DD721B7B528005A6311 /* UIViewControllerExtensions.swift in Sources */ = {isa = PBXBuildFile; fileRef = BE9D9DD621B7B528005A6311 /* UIViewControllerExtensions.swift */; };
		BE9D9DDE21B7B5BB005A6311 /* HabitTableViewCell.swift in Sources */ = {isa = PBXBuildFile; fileRef = BE9D9DDC21B7B5BB005A6311 /* HabitTableViewCell.swift */; };
		BE9D9DDF21B7B5BB005A6311 /* HabitTableViewCell.xib in Resources */ = {isa = PBXBuildFile; fileRef = BE9D9DDD21B7B5BB005A6311 /* HabitTableViewCell.xib */; };
		BE9D9DE221B7B60D005A6311 /* HabitImageCollectionViewCell.swift in Sources */ = {isa = PBXBuildFile; fileRef = BE9D9DE021B7B60D005A6311 /* HabitImageCollectionViewCell.swift */; };
		BE9D9DE321B7B60D005A6311 /* HabitImageCollectionViewCell.xib in Resources */ = {isa = PBXBuildFile; fileRef = BE9D9DE121B7B60D005A6311 /* HabitImageCollectionViewCell.xib */; };
		BE9D9DE521B7B63E005A6311 /* DataExtensions.swift in Sources */ = {isa = PBXBuildFile; fileRef = BE9D9DE421B7B63E005A6311 /* DataExtensions.swift */; };
/* End PBXBuildFile section */

/* Begin PBXFileReference section */
		BE9D9DA921B712C7005A6311 /* Habitual.app */ = {isa = PBXFileReference; explicitFileType = wrapper.application; includeInIndex = 0; path = Habitual.app; sourceTree = BUILT_PRODUCTS_DIR; };
		BE9D9DAC21B712C7005A6311 /* AppDelegate.swift */ = {isa = PBXFileReference; lastKnownFileType = sourcecode.swift; path = AppDelegate.swift; sourceTree = "<group>"; };
		BE9D9DB321B712D0005A6311 /* Assets.xcassets */ = {isa = PBXFileReference; lastKnownFileType = folder.assetcatalog; path = Assets.xcassets; sourceTree = "<group>"; };
		BE9D9DB621B712D0005A6311 /* Base */ = {isa = PBXFileReference; lastKnownFileType = file.storyboard; name = Base; path = Base.lproj/LaunchScreen.storyboard; sourceTree = "<group>"; };
		BE9D9DB821B712D0005A6311 /* Info.plist */ = {isa = PBXFileReference; lastKnownFileType = text.plist.xml; path = Info.plist; sourceTree = "<group>"; };
		BE9D9DBE21B734C9005A6311 /* habit.swift */ = {isa = PBXFileReference; lastKnownFileType = sourcecode.swift; path = habit.swift; sourceTree = "<group>"; };
		BE9D9DC021B73506005A6311 /* PersistanceLayer.swift */ = {isa = PBXFileReference; lastKnownFileType = sourcecode.swift; path = PersistanceLayer.swift; sourceTree = "<group>"; };
		BE9D9DC621B7B361005A6311 /* ConfirmHabitViewController.swift */ = {isa = PBXFileReference; lastKnownFileType = sourcecode.swift; path = ConfirmHabitViewController.swift; sourceTree = "<group>"; };
		BE9D9DC721B7B361005A6311 /* ConfirmHabitViewController.xib */ = {isa = PBXFileReference; lastKnownFileType = file.xib; path = ConfirmHabitViewController.xib; sourceTree = "<group>"; };
		BE9D9DCA21B7B39B005A6311 /* AddhabitViewController.swift */ = {isa = PBXFileReference; lastKnownFileType = sourcecode.swift; path = AddhabitViewController.swift; sourceTree = "<group>"; };
		BE9D9DCB21B7B39B005A6311 /* AddhabitViewController.xib */ = {isa = PBXFileReference; lastKnownFileType = file.xib; path = AddhabitViewController.xib; sourceTree = "<group>"; };
		BE9D9DCE21B7B3B8005A6311 /* HabitsTableViewController.swift */ = {isa = PBXFileReference; lastKnownFileType = sourcecode.swift; path = HabitsTableViewController.swift; sourceTree = "<group>"; };
		BE9D9DCF21B7B3B8005A6311 /* HabitsTableViewController.xib */ = {isa = PBXFileReference; lastKnownFileType = file.xib; path = HabitsTableViewController.xib; sourceTree = "<group>"; };
		BE9D9DD221B7B3D2005A6311 /* HabitDetailViewController.swift */ = {isa = PBXFileReference; lastKnownFileType = sourcecode.swift; path = HabitDetailViewController.swift; sourceTree = "<group>"; };
		BE9D9DD321B7B3D2005A6311 /* HabitDetailViewController.xib */ = {isa = PBXFileReference; lastKnownFileType = file.xib; path = HabitDetailViewController.xib; sourceTree = "<group>"; };
		BE9D9DD621B7B528005A6311 /* UIViewControllerExtensions.swift */ = {isa = PBXFileReference; lastKnownFileType = sourcecode.swift; path = UIViewControllerExtensions.swift; sourceTree = "<group>"; };
		BE9D9DDC21B7B5BB005A6311 /* HabitTableViewCell.swift */ = {isa = PBXFileReference; lastKnownFileType = sourcecode.swift; path = HabitTableViewCell.swift; sourceTree = "<group>"; };
		BE9D9DDD21B7B5BB005A6311 /* HabitTableViewCell.xib */ = {isa = PBXFileReference; lastKnownFileType = file.xib; path = HabitTableViewCell.xib; sourceTree = "<group>"; };
		BE9D9DE021B7B60D005A6311 /* HabitImageCollectionViewCell.swift */ = {isa = PBXFileReference; lastKnownFileType = sourcecode.swift; path = HabitImageCollectionViewCell.swift; sourceTree = "<group>"; };
		BE9D9DE121B7B60D005A6311 /* HabitImageCollectionViewCell.xib */ = {isa = PBXFileReference; lastKnownFileType = file.xib; path = HabitImageCollectionViewCell.xib; sourceTree = "<group>"; };
		BE9D9DE421B7B63E005A6311 /* DataExtensions.swift */ = {isa = PBXFileReference; lastKnownFileType = sourcecode.swift; path = DataExtensions.swift; sourceTree = "<group>"; };
/* End PBXFileReference section */

/* Begin PBXFrameworksBuildPhase section */
		BE9D9DA621B712C7005A6311 /* Frameworks */ = {
			isa = PBXFrameworksBuildPhase;
			buildActionMask = 2147483647;
			files = (
			);
			runOnlyForDeploymentPostprocessing = 0;
		};
/* End PBXFrameworksBuildPhase section */

/* Begin PBXGroup section */
		BE9D9DA021B712C7005A6311 = {
			isa = PBXGroup;
			children = (
				BE9D9DAB21B712C7005A6311 /* Habitual */,
				BE9D9DAA21B712C7005A6311 /* Products */,
				BE9D9DB321B712D0005A6311 /* Assets.xcassets */,
				BE9D9DB521B712D0005A6311 /* LaunchScreen.storyboard */,
				BE9D9DB821B712D0005A6311 /* Info.plist */,
			);
			sourceTree = "<group>";
		};
		BE9D9DAA21B712C7005A6311 /* Products */ = {
			isa = PBXGroup;
			children = (
				BE9D9DA921B712C7005A6311 /* Habitual.app */,
			);
			name = Products;
			sourceTree = "<group>";
		};
		BE9D9DAB21B712C7005A6311 /* Habitual */ = {
			isa = PBXGroup;
			children = (
				BE9D9DAC21B712C7005A6311 /* AppDelegate.swift */,
				BE9D9DD621B7B528005A6311 /* UIViewControllerExtensions.swift */,
				BE9D9DBE21B734C9005A6311 /* habit.swift */,
				BE9D9DC021B73506005A6311 /* PersistanceLayer.swift */,
				BE9D9DE021B7B60D005A6311 /* HabitImageCollectionViewCell.swift */,
				BE9D9DE121B7B60D005A6311 /* HabitImageCollectionViewCell.xib */,
				BE9D9DDC21B7B5BB005A6311 /* HabitTableViewCell.swift */,
				BE9D9DDD21B7B5BB005A6311 /* HabitTableViewCell.xib */,
				BE9D9DE421B7B63E005A6311 /* DataExtensions.swift */,
				BE9D9DC521B7B2BE005A6311 /* Views */,
			);
			path = Habitual;
			sourceTree = "<group>";
		};
		BE9D9DC521B7B2BE005A6311 /* Views */ = {
			isa = PBXGroup;
			children = (
				BE9D9DC621B7B361005A6311 /* ConfirmHabitViewController.swift */,
				BE9D9DC721B7B361005A6311 /* ConfirmHabitViewController.xib */,
				BE9D9DCA21B7B39B005A6311 /* AddhabitViewController.swift */,
				BE9D9DCB21B7B39B005A6311 /* AddhabitViewController.xib */,
				BE9D9DCE21B7B3B8005A6311 /* HabitsTableViewController.swift */,
				BE9D9DCF21B7B3B8005A6311 /* HabitsTableViewController.xib */,
				BE9D9DD221B7B3D2005A6311 /* HabitDetailViewController.swift */,
				BE9D9DD321B7B3D2005A6311 /* HabitDetailViewController.xib */,
			);
			path = Views;
			sourceTree = "<group>";
		};
/* End PBXGroup section */

/* Begin PBXNativeTarget section */
		BE9D9DA821B712C7005A6311 /* Habitual */ = {
			isa = PBXNativeTarget;
			buildConfigurationList = BE9D9DBB21B712D0005A6311 /* Build configuration list for PBXNativeTarget "Habitual" */;
			buildPhases = (
				BE9D9DA521B712C7005A6311 /* Sources */,
				BE9D9DA621B712C7005A6311 /* Frameworks */,
				BE9D9DA721B712C7005A6311 /* Resources */,
			);
			buildRules = (
			);
			dependencies = (
			);
			name = Habitual;
			productName = Habitual;
			productReference = BE9D9DA921B712C7005A6311 /* Habitual.app */;
			productType = "com.apple.product-type.application";
		};
/* End PBXNativeTarget section */

/* Begin PBXProject section */
		BE9D9DA121B712C7005A6311 /* Project object */ = {
			isa = PBXProject;
			attributes = {
				LastSwiftUpdateCheck = 1010;
				LastUpgradeCheck = 1010;
				ORGANIZATIONNAME = "Kandy M";
				TargetAttributes = {
					BE9D9DA821B712C7005A6311 = {
						CreatedOnToolsVersion = 10.1;
					};
				};
			};
			buildConfigurationList = BE9D9DA421B712C7005A6311 /* Build configuration list for PBXProject "Habitual" */;
			compatibilityVersion = "Xcode 9.3";
			developmentRegion = en;
			hasScannedForEncodings = 0;
			knownRegions = (
				en,
				Base,
			);
			mainGroup = BE9D9DA021B712C7005A6311;
			productRefGroup = BE9D9DAA21B712C7005A6311 /* Products */;
			projectDirPath = "";
			projectRoot = "";
			targets = (
				BE9D9DA821B712C7005A6311 /* Habitual */,
			);
		};
/* End PBXProject section */

/* Begin PBXResourcesBuildPhase section */
		BE9D9DA721B712C7005A6311 /* Resources */ = {
			isa = PBXResourcesBuildPhase;
			buildActionMask = 2147483647;
			files = (
				BE9D9DC921B7B361005A6311 /* ConfirmHabitViewController.xib in Resources */,
				BE9D9DD121B7B3B8005A6311 /* HabitsTableViewController.xib in Resources */,
				BE9D9DDF21B7B5BB005A6311 /* HabitTableViewCell.xib in Resources */,
				BE9D9DD521B7B3D2005A6311 /* HabitDetailViewController.xib in Resources */,
				BE9D9DB721B712D0005A6311 /* LaunchScreen.storyboard in Resources */,
				BE9D9DB421B712D0005A6311 /* Assets.xcassets in Resources */,
				BE9D9DE321B7B60D005A6311 /* HabitImageCollectionViewCell.xib in Resources */,
				BE9D9DCD21B7B39B005A6311 /* AddhabitViewController.xib in Resources */,
			);
			runOnlyForDeploymentPostprocessing = 0;
		};
/* End PBXResourcesBuildPhase section */

/* Begin PBXSourcesBuildPhase section */
		BE9D9DA521B712C7005A6311 /* Sources */ = {
			isa = PBXSourcesBuildPhase;
			buildActionMask = 2147483647;
			files = (
				BE9D9DD721B7B528005A6311 /* UIViewControllerExtensions.swift in Sources */,
				BE9D9DE521B7B63E005A6311 /* DataExtensions.swift in Sources */,
				BE9D9DC821B7B361005A6311 /* ConfirmHabitViewController.swift in Sources */,
				BE9D9DDE21B7B5BB005A6311 /* HabitTableViewCell.swift in Sources */,
				BE9D9DCC21B7B39B005A6311 /* AddhabitViewController.swift in Sources */,
				BE9D9DD021B7B3B8005A6311 /* HabitsTableViewController.swift in Sources */,
				BE9D9DBF21B734C9005A6311 /* habit.swift in Sources */,
				BE9D9DAD21B712C7005A6311 /* AppDelegate.swift in Sources */,
				BE9D9DE221B7B60D005A6311 /* HabitImageCollectionViewCell.swift in Sources */,
				BE9D9DD421B7B3D2005A6311 /* HabitDetailViewController.swift in Sources */,
				BE9D9DC121B73506005A6311 /* PersistanceLayer.swift in Sources */,
			);
			runOnlyForDeploymentPostprocessing = 0;
		};
/* End PBXSourcesBuildPhase section */

/* Begin PBXVariantGroup section */
		BE9D9DB521B712D0005A6311 /* LaunchScreen.storyboard */ = {
			isa = PBXVariantGroup;
			children = (
				BE9D9DB621B712D0005A6311 /* Base */,
			);
			name = LaunchScreen.storyboard;
			sourceTree = "<group>";
		};
/* End PBXVariantGroup section */

/* Begin XCBuildConfiguration section */
		BE9D9DB921B712D0005A6311 /* Debug */ = {
			isa = XCBuildConfiguration;
			buildSettings = {
				ALWAYS_SEARCH_USER_PATHS = NO;
				CLANG_ANALYZER_NONNULL = YES;
				CLANG_ANALYZER_NUMBER_OBJECT_CONVERSION = YES_AGGRESSIVE;
				CLANG_CXX_LANGUAGE_STANDARD = "gnu++14";
				CLANG_CXX_LIBRARY = "libc++";
				CLANG_ENABLE_MODULES = YES;
				CLANG_ENABLE_OBJC_ARC = YES;
				CLANG_ENABLE_OBJC_WEAK = YES;
				CLANG_WARN_BLOCK_CAPTURE_AUTORELEASING = YES;
				CLANG_WARN_BOOL_CONVERSION = YES;
				CLANG_WARN_COMMA = YES;
				CLANG_WARN_CONSTANT_CONVERSION = YES;
				CLANG_WARN_DEPRECATED_OBJC_IMPLEMENTATIONS = YES;
				CLANG_WARN_DIRECT_OBJC_ISA_USAGE = YES_ERROR;
				CLANG_WARN_DOCUMENTATION_COMMENTS = YES;
				CLANG_WARN_EMPTY_BODY = YES;
				CLANG_WARN_ENUM_CONVERSION = YES;
				CLANG_WARN_INFINITE_RECURSION = YES;
				CLANG_WARN_INT_CONVERSION = YES;
				CLANG_WARN_NON_LITERAL_NULL_CONVERSION = YES;
				CLANG_WARN_OBJC_IMPLICIT_RETAIN_SELF = YES;
				CLANG_WARN_OBJC_LITERAL_CONVERSION = YES;
				CLANG_WARN_OBJC_ROOT_CLASS = YES_ERROR;
				CLANG_WARN_RANGE_LOOP_ANALYSIS = YES;
				CLANG_WARN_STRICT_PROTOTYPES = YES;
				CLANG_WARN_SUSPICIOUS_MOVE = YES;
				CLANG_WARN_UNGUARDED_AVAILABILITY = YES_AGGRESSIVE;
				CLANG_WARN_UNREACHABLE_CODE = YES;
				CLANG_WARN__DUPLICATE_METHOD_MATCH = YES;
				CODE_SIGN_IDENTITY = "iPhone Developer";
				COPY_PHASE_STRIP = NO;
				DEBUG_INFORMATION_FORMAT = dwarf;
				ENABLE_STRICT_OBJC_MSGSEND = YES;
				ENABLE_TESTABILITY = YES;
				GCC_C_LANGUAGE_STANDARD = gnu11;
				GCC_DYNAMIC_NO_PIC = NO;
				GCC_NO_COMMON_BLOCKS = YES;
				GCC_OPTIMIZATION_LEVEL = 0;
				GCC_PREPROCESSOR_DEFINITIONS = (
					"DEBUG=1",
					"$(inherited)",
				);
				GCC_WARN_64_TO_32_BIT_CONVERSION = YES;
				GCC_WARN_ABOUT_RETURN_TYPE = YES_ERROR;
				GCC_WARN_UNDECLARED_SELECTOR = YES;
				GCC_WARN_UNINITIALIZED_AUTOS = YES_AGGRESSIVE;
				GCC_WARN_UNUSED_FUNCTION = YES;
				GCC_WARN_UNUSED_VARIABLE = YES;
				IPHONEOS_DEPLOYMENT_TARGET = 12.1;
				MTL_ENABLE_DEBUG_INFO = INCLUDE_SOURCE;
				MTL_FAST_MATH = YES;
				ONLY_ACTIVE_ARCH = YES;
				SDKROOT = iphoneos;
				SWIFT_ACTIVE_COMPILATION_CONDITIONS = DEBUG;
				SWIFT_OPTIMIZATION_LEVEL = "-Onone";
			};
			name = Debug;
		};
		BE9D9DBA21B712D0005A6311 /* Release */ = {
			isa = XCBuildConfiguration;
			buildSettings = {
				ALWAYS_SEARCH_USER_PATHS = NO;
				CLANG_ANALYZER_NONNULL = YES;
				CLANG_ANALYZER_NUMBER_OBJECT_CONVERSION = YES_AGGRESSIVE;
				CLANG_CXX_LANGUAGE_STANDARD = "gnu++14";
				CLANG_CXX_LIBRARY = "libc++";
				CLANG_ENABLE_MODULES = YES;
				CLANG_ENABLE_OBJC_ARC = YES;
				CLANG_ENABLE_OBJC_WEAK = YES;
				CLANG_WARN_BLOCK_CAPTURE_AUTORELEASING = YES;
				CLANG_WARN_BOOL_CONVERSION = YES;
				CLANG_WARN_COMMA = YES;
				CLANG_WARN_CONSTANT_CONVERSION = YES;
				CLANG_WARN_DEPRECATED_OBJC_IMPLEMENTATIONS = YES;
				CLANG_WARN_DIRECT_OBJC_ISA_USAGE = YES_ERROR;
				CLANG_WARN_DOCUMENTATION_COMMENTS = YES;
				CLANG_WARN_EMPTY_BODY = YES;
				CLANG_WARN_ENUM_CONVERSION = YES;
				CLANG_WARN_INFINITE_RECURSION = YES;
				CLANG_WARN_INT_CONVERSION = YES;
				CLANG_WARN_NON_LITERAL_NULL_CONVERSION = YES;
				CLANG_WARN_OBJC_IMPLICIT_RETAIN_SELF = YES;
				CLANG_WARN_OBJC_LITERAL_CONVERSION = YES;
				CLANG_WARN_OBJC_ROOT_CLASS = YES_ERROR;
				CLANG_WARN_RANGE_LOOP_ANALYSIS = YES;
				CLANG_WARN_STRICT_PROTOTYPES = YES;
				CLANG_WARN_SUSPICIOUS_MOVE = YES;
				CLANG_WARN_UNGUARDED_AVAILABILITY = YES_AGGRESSIVE;
				CLANG_WARN_UNREACHABLE_CODE = YES;
				CLANG_WARN__DUPLICATE_METHOD_MATCH = YES;
				CODE_SIGN_IDENTITY = "iPhone Developer";
				COPY_PHASE_STRIP = NO;
				DEBUG_INFORMATION_FORMAT = "dwarf-with-dsym";
				ENABLE_NS_ASSERTIONS = NO;
				ENABLE_STRICT_OBJC_MSGSEND = YES;
				GCC_C_LANGUAGE_STANDARD = gnu11;
				GCC_NO_COMMON_BLOCKS = YES;
				GCC_WARN_64_TO_32_BIT_CONVERSION = YES;
				GCC_WARN_ABOUT_RETURN_TYPE = YES_ERROR;
				GCC_WARN_UNDECLARED_SELECTOR = YES;
				GCC_WARN_UNINITIALIZED_AUTOS = YES_AGGRESSIVE;
				GCC_WARN_UNUSED_FUNCTION = YES;
				GCC_WARN_UNUSED_VARIABLE = YES;
				IPHONEOS_DEPLOYMENT_TARGET = 12.1;
				MTL_ENABLE_DEBUG_INFO = NO;
				MTL_FAST_MATH = YES;
				SDKROOT = iphoneos;
				SWIFT_COMPILATION_MODE = wholemodule;
				SWIFT_OPTIMIZATION_LEVEL = "-O";
				VALIDATE_PRODUCT = YES;
			};
			name = Release;
		};
		BE9D9DBC21B712D0005A6311 /* Debug */ = {
			isa = XCBuildConfiguration;
			buildSettings = {
				ASSETCATALOG_COMPILER_APPICON_NAME = AppIcon;
				CODE_SIGN_STYLE = Automatic;
				DEVELOPMENT_TEAM = 37C6F4857W;
				INFOPLIST_FILE = Habitual/Info.plist;
				LD_RUNPATH_SEARCH_PATHS = (
					"$(inherited)",
					"@executable_path/Frameworks",
				);
				PRODUCT_BUNDLE_IDENTIFIER = com.Habitual;
				PRODUCT_NAME = "$(TARGET_NAME)";
				SWIFT_VERSION = 4.2;
				TARGETED_DEVICE_FAMILY = 1;
			};
			name = Debug;
		};
		BE9D9DBD21B712D0005A6311 /* Release */ = {
			isa = XCBuildConfiguration;
			buildSettings = {
				ASSETCATALOG_COMPILER_APPICON_NAME = AppIcon;
				CODE_SIGN_STYLE = Automatic;
				DEVELOPMENT_TEAM = 37C6F4857W;
				INFOPLIST_FILE = Habitual/Info.plist;
				LD_RUNPATH_SEARCH_PATHS = (
					"$(inherited)",
					"@executable_path/Frameworks",
				);
				PRODUCT_BUNDLE_IDENTIFIER = com.Habitual;
				PRODUCT_NAME = "$(TARGET_NAME)";
				SWIFT_VERSION = 4.2;
				TARGETED_DEVICE_FAMILY = 1;
			};
			name = Release;
		};
/* End XCBuildConfiguration section */

/* Begin XCConfigurationList section */
		BE9D9DA421B712C7005A6311 /* Build configuration list for PBXProject "Habitual" */ = {
			isa = XCConfigurationList;
			buildConfigurations = (
				BE9D9DB921B712D0005A6311 /* Debug */,
				BE9D9DBA21B712D0005A6311 /* Release */,
			);
			defaultConfigurationIsVisible = 0;
			defaultConfigurationName = Release;
		};
		BE9D9DBB21B712D0005A6311 /* Build configuration list for PBXNativeTarget "Habitual" */ = {
			isa = XCConfigurationList;
			buildConfigurations = (
				BE9D9DBC21B712D0005A6311 /* Debug */,
				BE9D9DBD21B712D0005A6311 /* Release */,
			);
			defaultConfigurationIsVisible = 0;
			defaultConfigurationName = Release;
		};
/* End XCConfigurationList section */
	};
	rootObject = BE9D9DA121B712C7005A6311 /* Project object */;
}
